
Microsoft Visual Studio Solution File, Format Version 12.00
# Visual Studio 15
VisualStudioVersion = 15.0.27004.2009
MinimumVisualStudioVersion = 10.0.40219.1
Project("{FAE04EC0-301F-11D3-BF4B-00C04F79EFBC}") = "CATNedbrydning_", "CATNedbrydning_\CATNedbrydning_.csproj", "{95EBE228-F873-4D7A-BC71-81B1A187E02A}"
EndProject
Global
	GlobalSection(SolutionConfigurationPlatforms) = preSolution
		Debug|Any CPU = Debug|Any CPU
		Release|Any CPU = Release|Any CPU
	EndGlobalSection
	GlobalSection(ProjectConfigurationPlatforms) = postSolution
		{95EBE228-F873-4D7A-BC71-81B1A187E02A}.Debug|Any CPU.ActiveCfg = Debug|Any CPU
		{95EBE228-F873-4D7A-BC71-81B1A187E02A}.Debug|Any CPU.Build.0 = Debug|Any CPU
		{95EBE228-F873-4D7A-BC71-81B1A187E02A}.Release|Any CPU.ActiveCfg = Release|Any CPU
		{95EBE228-F873-4D7A-BC71-81B1A187E02A}.Release|Any CPU.Build.0 = Release|Any CPU
	EndGlobalSection
	GlobalSection(SolutionProperties) = preSolution
		HideSolutionNode = FALSE
	EndGlobalSection
	GlobalSection(ExtensibilityGlobals) = postSolution
		SolutionGuid = {46943231-9421-490D-A09A-503A6C180C9A}
	EndGlobalSection
EndGlobal
